
Microsoft Visual Studio Solution File, Format Version 12.00
# Visual Studio Version 17
VisualStudioVersion = 17.4.33213.308
MinimumVisualStudioVersion = 10.0.40219.1
Project("{9A19103F-16F7-4668-BE54-9A1E7A4F7556}") = "CRWKV", "CRWKV\CRWKV.csproj", "{D2C9B375-1A91-47C9-9953-5D9B7289AEBB}"
EndProject
Global
	GlobalSection(SolutionConfigurationPlatforms) = preSolution
		Debug|Any CPU = Debug|Any CPU
		Debug|x64 = Debug|x64
		Release|Any CPU = Release|Any CPU
		Release|x64 = Release|x64
	EndGlobalSection
	GlobalSection(ProjectConfigurationPlatforms) = postSolution
		{D2C9B375-1A91-47C9-9953-5D9B7289AEBB}.Debug|Any CPU.ActiveCfg = Debug|Any CPU
		{D2C9B375-1A91-47C9-9953-5D9B7289AEBB}.Debug|Any CPU.Build.0 = Debug|Any CPU
		{D2C9B375-1A91-47C9-9953-5D9B7289AEBB}.Debug|x64.ActiveCfg = Debug|x64
		{D2C9B375-1A91-47C9-9953-5D9B7289AEBB}.Debug|x64.Build.0 = Debug|x64
		{D2C9B375-1A91-47C9-9953-5D9B7289AEBB}.Release|Any CPU.ActiveCfg = Release|Any CPU
		{D2C9B375-1A91-47C9-9953-5D9B7289AEBB}.Release|Any CPU.Build.0 = Release|Any CPU
		{D2C9B375-1A91-47C9-9953-5D9B7289AEBB}.Release|x64.ActiveCfg = Release|x64
		{D2C9B375-1A91-47C9-9953-5D9B7289AEBB}.Release|x64.Build.0 = Release|x64
	EndGlobalSection
	GlobalSection(SolutionProperties) = preSolution
		HideSolutionNode = FALSE
	EndGlobalSection
	GlobalSection(ExtensibilityGlobals) = postSolution
		SolutionGuid = {C5C40DEB-B901-423F-AA32-277C4B1F3BBA}
	EndGlobalSection
EndGlobal
